
Microsoft Visual Studio Solution File, Format Version 12.00
# Visual Studio 14
VisualStudioVersion = 14.0.22823.1
MinimumVisualStudioVersion = 10.0.40219.1
Project("{FAE04EC0-301F-11D3-BF4B-00C04F79EFBC}") = "HdodenhofCircleImageViewBindingLib.Android", "HdodenhofCircleImageViewBindingLib.Android\HdodenhofCircleImageViewBindingLib.Android.csproj", "{852ADA24-8896-499E-8005-5EA7FD32188A}"
EndProject
Project("{FAE04EC0-301F-11D3-BF4B-00C04F79EFBC}") = "BindingLibTestApp", "BindingLibTestApp\BindingLibTestApp.csproj", "{BD311448-BDF6-4A82-B2BB-0D6594C78818}"
EndProject
Global
	GlobalSection(SolutionConfigurationPlatforms) = preSolution
		Debug|Any CPU = Debug|Any CPU
		Release|Any CPU = Release|Any CPU
	EndGlobalSection
	GlobalSection(ProjectConfigurationPlatforms) = postSolution
		{852ADA24-8896-499E-8005-5EA7FD32188A}.Debug|Any CPU.ActiveCfg = Debug|Any CPU
		{852ADA24-8896-499E-8005-5EA7FD32188A}.Debug|Any CPU.Build.0 = Debug|Any CPU
		{852ADA24-8896-499E-8005-5EA7FD32188A}.Release|Any CPU.ActiveCfg = Release|Any CPU
		{852ADA24-8896-499E-8005-5EA7FD32188A}.Release|Any CPU.Build.0 = Release|Any CPU
		{BD311448-BDF6-4A82-B2BB-0D6594C78818}.Debug|Any CPU.ActiveCfg = Debug|Any CPU
		{BD311448-BDF6-4A82-B2BB-0D6594C78818}.Debug|Any CPU.Build.0 = Debug|Any CPU
		{BD311448-BDF6-4A82-B2BB-0D6594C78818}.Debug|Any CPU.Deploy.0 = Debug|Any CPU
		{BD311448-BDF6-4A82-B2BB-0D6594C78818}.Release|Any CPU.ActiveCfg = Release|Any CPU
		{BD311448-BDF6-4A82-B2BB-0D6594C78818}.Release|Any CPU.Build.0 = Release|Any CPU
	EndGlobalSection
	GlobalSection(SolutionProperties) = preSolution
		HideSolutionNode = FALSE
	EndGlobalSection
EndGlobal
